
Microsoft Visual Studio Solution File, Format Version 12.00
# Visual Studio Version 17
VisualStudioVersion = 17.8.34511.84
MinimumVisualStudioVersion = 10.0.40219.1
Project("{2150E333-8FDC-42A3-9474-1A3956D46DE8}") = "Lesson_Structures", "Lesson_Structures", "{AEB6D494-4CD5-4E98-995A-9BFE64B632C0}"
EndProject
Project("{9A19103F-16F7-4668-BE54-9A1E7A4F7556}") = "001_Structures", "Lesson_Structures\001_Structures\001_Structures.csproj", "{CB090C0F-03B7-4629-9D8C-DC2A43B3F79C}"
EndProject
Project("{9A19103F-16F7-4668-BE54-9A1E7A4F7556}") = "002_Structures", "Lesson_Structures\002_Structures\002_Structures.csproj", "{16478CD7-5AB2-4FF9-A11C-F4F7D39EBAAA}"
EndProject
Project("{9A19103F-16F7-4668-BE54-9A1E7A4F7556}") = "003_Structures", "Lesson_Structures\003_Structures\003_Structures.csproj", "{F068E84F-2612-4144-9B4C-2C96523C43E0}"
EndProject
Project("{9A19103F-16F7-4668-BE54-9A1E7A4F7556}") = "004_Structures", "Lesson_Structures\004_Structures\004_Structures.csproj", "{53D4ECBB-707C-4373-A066-D285D8ABB58F}"
EndProject
Project("{9A19103F-16F7-4668-BE54-9A1E7A4F7556}") = "005_Structures", "Lesson_Structures\005_Structures\005_Structures.csproj", "{04D356C9-70E3-464E-9244-4D925756537B}"
EndProject
Project("{9A19103F-16F7-4668-BE54-9A1E7A4F7556}") = "006_Structures", "Lesson_Structures\006_Structures\006_Structures.csproj", "{0023E1AA-853A-44D1-9B61-E51A6207AA0A}"
EndProject
Project("{9A19103F-16F7-4668-BE54-9A1E7A4F7556}") = "007_Structures_Boxing", "Lesson_Structures\007_Structures_Boxing\007_Structures_Boxing.csproj", "{6256C96F-CB6A-4FAA-AF25-A321DA177606}"
EndProject
Project("{9A19103F-16F7-4668-BE54-9A1E7A4F7556}") = "008_Structures_Boxing", "Lesson_Structures\008_Structures_Boxing\008_Structures_Boxing.csproj", "{AC642B0B-5D41-4C30-BA42-FED528E1DB46}"
EndProject
Project("{9A19103F-16F7-4668-BE54-9A1E7A4F7556}") = "009_Structures_Boxing", "Lesson_Structures\009_Structures_Boxing\009_Structures_Boxing.csproj", "{E7CAAB0F-4AEB-4213-89D6-3916B971D59B}"
EndProject
Project("{9A19103F-16F7-4668-BE54-9A1E7A4F7556}") = "010_Structures_Boxing", "Lesson_Structures\010_Structures_Boxing\010_Structures_Boxing.csproj", "{C117A43F-C108-4545-BD7B-474A77EB89F2}"
EndProject
Project("{9A19103F-16F7-4668-BE54-9A1E7A4F7556}") = "011_Structures_Boxing", "Lesson_Structures\011_Structures_Boxing\011_Structures_Boxing.csproj", "{F43F5609-5C7E-4ACA-A0E4-99B8CFEE020B}"
EndProject
Project("{9A19103F-16F7-4668-BE54-9A1E7A4F7556}") = "012_Structures_StackOverflow", "Lesson_Structures\012_Structures_StackOverflow\012_Structures_StackOverflow.csproj", "{8EBA9606-9939-4E0D-9C09-88ADC1D3AF03}"
EndProject
Project("{2150E333-8FDC-42A3-9474-1A3956D46DE8}") = "Lesson_Enum_Types", "Lesson_Enum_Types", "{83D08B27-7B17-44BE-A153-229CDEE7014E}"
EndProject
Project("{FAE04EC0-301F-11D3-BF4B-00C04F79EFBC}") = "001_Enums", "Lesson_Enum_Types\001_Enums\001_Enums.csproj", "{34971599-A552-4649-B1B6-5997B9CA5A6A}"
EndProject
Project("{FAE04EC0-301F-11D3-BF4B-00C04F79EFBC}") = "002_Enums", "Lesson_Enum_Types\002_Enums\002_Enums.csproj", "{B3EFF8FB-CF87-46B5-8A0D-6D6E793C0CA8}"
EndProject
Project("{FAE04EC0-301F-11D3-BF4B-00C04F79EFBC}") = "003_Enums", "Lesson_Enum_Types\003_Enums\003_Enums.csproj", "{3044A584-C966-49B5-B7C3-FF1B60C13E03}"
EndProject
Project("{FAE04EC0-301F-11D3-BF4B-00C04F79EFBC}") = "004_Enums", "Lesson_Enum_Types\004_Enums\004_Enums.csproj", "{D1A35DCF-4B0D-4537-B395-3067784444AD}"
EndProject
Project("{FAE04EC0-301F-11D3-BF4B-00C04F79EFBC}") = "005_Enums", "Lesson_Enum_Types\005_Enums\005_Enums.csproj", "{6BCEE298-6D65-4EA6-B3E3-5C19F2509717}"
EndProject
Project("{FAE04EC0-301F-11D3-BF4B-00C04F79EFBC}") = "006_Enums", "Lesson_Enum_Types\006_Enums\006_Enums.csproj", "{30003579-55A1-41FD-9F76-EF8A99811B90}"
EndProject
Project("{FAE04EC0-301F-11D3-BF4B-00C04F79EFBC}") = "007_Enums_Flags", "Lesson_Enum_Types\007_Enums_Flags\007_Enums_Flags.csproj", "{F8D02280-4BAF-420E-ABA5-AABB5DB82970}"
EndProject
Project("{FAE04EC0-301F-11D3-BF4B-00C04F79EFBC}") = "008_Enums_Flags", "Lesson_Enum_Types\008_Enums_Flags\008_Enums_Flags.csproj", "{EEA23EDD-1918-475C-81ED-9F587D75C805}"
EndProject
Global
	GlobalSection(SolutionConfigurationPlatforms) = preSolution
		Debug|Any CPU = Debug|Any CPU
		Release|Any CPU = Release|Any CPU
	EndGlobalSection
	GlobalSection(ProjectConfigurationPlatforms) = postSolution
		{CB090C0F-03B7-4629-9D8C-DC2A43B3F79C}.Debug|Any CPU.ActiveCfg = Debug|Any CPU
		{CB090C0F-03B7-4629-9D8C-DC2A43B3F79C}.Debug|Any CPU.Build.0 = Debug|Any CPU
		{CB090C0F-03B7-4629-9D8C-DC2A43B3F79C}.Release|Any CPU.ActiveCfg = Release|Any CPU
		{CB090C0F-03B7-4629-9D8C-DC2A43B3F79C}.Release|Any CPU.Build.0 = Release|Any CPU
		{16478CD7-5AB2-4FF9-A11C-F4F7D39EBAAA}.Debug|Any CPU.ActiveCfg = Debug|Any CPU
		{16478CD7-5AB2-4FF9-A11C-F4F7D39EBAAA}.Debug|Any CPU.Build.0 = Debug|Any CPU
		{16478CD7-5AB2-4FF9-A11C-F4F7D39EBAAA}.Release|Any CPU.ActiveCfg = Release|Any CPU
		{16478CD7-5AB2-4FF9-A11C-F4F7D39EBAAA}.Release|Any CPU.Build.0 = Release|Any CPU
		{F068E84F-2612-4144-9B4C-2C96523C43E0}.Debug|Any CPU.ActiveCfg = Debug|Any CPU
		{F068E84F-2612-4144-9B4C-2C96523C43E0}.Debug|Any CPU.Build.0 = Debug|Any CPU
		{F068E84F-2612-4144-9B4C-2C96523C43E0}.Release|Any CPU.ActiveCfg = Release|Any CPU
		{F068E84F-2612-4144-9B4C-2C96523C43E0}.Release|Any CPU.Build.0 = Release|Any CPU
		{53D4ECBB-707C-4373-A066-D285D8ABB58F}.Debug|Any CPU.ActiveCfg = Debug|Any CPU
		{53D4ECBB-707C-4373-A066-D285D8ABB58F}.Debug|Any CPU.Build.0 = Debug|Any CPU
		{53D4ECBB-707C-4373-A066-D285D8ABB58F}.Release|Any CPU.ActiveCfg = Release|Any CPU
		{53D4ECBB-707C-4373-A066-D285D8ABB58F}.Release|Any CPU.Build.0 = Release|Any CPU
		{04D356C9-70E3-464E-9244-4D925756537B}.Debug|Any CPU.ActiveCfg = Debug|Any CPU
		{04D356C9-70E3-464E-9244-4D925756537B}.Debug|Any CPU.Build.0 = Debug|Any CPU
		{04D356C9-70E3-464E-9244-4D925756537B}.Release|Any CPU.ActiveCfg = Release|Any CPU
		{04D356C9-70E3-464E-9244-4D925756537B}.Release|Any CPU.Build.0 = Release|Any CPU
		{0023E1AA-853A-44D1-9B61-E51A6207AA0A}.Debug|Any CPU.ActiveCfg = Debug|Any CPU
		{0023E1AA-853A-44D1-9B61-E51A6207AA0A}.Debug|Any CPU.Build.0 = Debug|Any CPU
		{0023E1AA-853A-44D1-9B61-E51A6207AA0A}.Release|Any CPU.ActiveCfg = Release|Any CPU
		{0023E1AA-853A-44D1-9B61-E51A6207AA0A}.Release|Any CPU.Build.0 = Release|Any CPU
		{6256C96F-CB6A-4FAA-AF25-A321DA177606}.Debug|Any CPU.ActiveCfg = Debug|Any CPU
		{6256C96F-CB6A-4FAA-AF25-A321DA177606}.Debug|Any CPU.Build.0 = Debug|Any CPU
		{6256C96F-CB6A-4FAA-AF25-A321DA177606}.Release|Any CPU.ActiveCfg = Release|Any CPU
		{6256C96F-CB6A-4FAA-AF25-A321DA177606}.Release|Any CPU.Build.0 = Release|Any CPU
		{AC642B0B-5D41-4C30-BA42-FED528E1DB46}.Debug|Any CPU.ActiveCfg = Debug|Any CPU
		{AC642B0B-5D41-4C30-BA42-FED528E1DB46}.Debug|Any CPU.Build.0 = Debug|Any CPU
		{AC642B0B-5D41-4C30-BA42-FED528E1DB46}.Release|Any CPU.ActiveCfg = Release|Any CPU
		{AC642B0B-5D41-4C30-BA42-FED528E1DB46}.Release|Any CPU.Build.0 = Release|Any CPU
		{E7CAAB0F-4AEB-4213-89D6-3916B971D59B}.Debug|Any CPU.ActiveCfg = Debug|Any CPU
		{E7CAAB0F-4AEB-4213-89D6-3916B971D59B}.Debug|Any CPU.Build.0 = Debug|Any CPU
		{E7CAAB0F-4AEB-4213-89D6-3916B971D59B}.Release|Any CPU.ActiveCfg = Release|Any CPU
		{E7CAAB0F-4AEB-4213-89D6-3916B971D59B}.Release|Any CPU.Build.0 = Release|Any CPU
		{C117A43F-C108-4545-BD7B-474A77EB89F2}.Debug|Any CPU.ActiveCfg = Debug|Any CPU
		{C117A43F-C108-4545-BD7B-474A77EB89F2}.Debug|Any CPU.Build.0 = Debug|Any CPU
		{C117A43F-C108-4545-BD7B-474A77EB89F2}.Release|Any CPU.ActiveCfg = Release|Any CPU
		{C117A43F-C108-4545-BD7B-474A77EB89F2}.Release|Any CPU.Build.0 = Release|Any CPU
		{F43F5609-5C7E-4ACA-A0E4-99B8CFEE020B}.Debug|Any CPU.ActiveCfg = Debug|Any CPU
		{F43F5609-5C7E-4ACA-A0E4-99B8CFEE020B}.Debug|Any CPU.Build.0 = Debug|Any CPU
		{F43F5609-5C7E-4ACA-A0E4-99B8CFEE020B}.Release|Any CPU.ActiveCfg = Release|Any CPU
		{F43F5609-5C7E-4ACA-A0E4-99B8CFEE020B}.Release|Any CPU.Build.0 = Release|Any CPU
		{8EBA9606-9939-4E0D-9C09-88ADC1D3AF03}.Debug|Any CPU.ActiveCfg = Debug|Any CPU
		{8EBA9606-9939-4E0D-9C09-88ADC1D3AF03}.Debug|Any CPU.Build.0 = Debug|Any CPU
		{8EBA9606-9939-4E0D-9C09-88ADC1D3AF03}.Release|Any CPU.ActiveCfg = Release|Any CPU
		{8EBA9606-9939-4E0D-9C09-88ADC1D3AF03}.Release|Any CPU.Build.0 = Release|Any CPU
		{34971599-A552-4649-B1B6-5997B9CA5A6A}.Debug|Any CPU.ActiveCfg = Debug|Any CPU
		{34971599-A552-4649-B1B6-5997B9CA5A6A}.Debug|Any CPU.Build.0 = Debug|Any CPU
		{34971599-A552-4649-B1B6-5997B9CA5A6A}.Release|Any CPU.ActiveCfg = Release|Any CPU
		{34971599-A552-4649-B1B6-5997B9CA5A6A}.Release|Any CPU.Build.0 = Release|Any CPU
		{B3EFF8FB-CF87-46B5-8A0D-6D6E793C0CA8}.Debug|Any CPU.ActiveCfg = Debug|Any CPU
		{B3EFF8FB-CF87-46B5-8A0D-6D6E793C0CA8}.Debug|Any CPU.Build.0 = Debug|Any CPU
		{B3EFF8FB-CF87-46B5-8A0D-6D6E793C0CA8}.Release|Any CPU.ActiveCfg = Release|Any CPU
		{B3EFF8FB-CF87-46B5-8A0D-6D6E793C0CA8}.Release|Any CPU.Build.0 = Release|Any CPU
		{3044A584-C966-49B5-B7C3-FF1B60C13E03}.Debug|Any CPU.ActiveCfg = Debug|Any CPU
		{3044A584-C966-49B5-B7C3-FF1B60C13E03}.Debug|Any CPU.Build.0 = Debug|Any CPU
		{3044A584-C966-49B5-B7C3-FF1B60C13E03}.Release|Any CPU.ActiveCfg = Release|Any CPU
		{3044A584-C966-49B5-B7C3-FF1B60C13E03}.Release|Any CPU.Build.0 = Release|Any CPU
		{D1A35DCF-4B0D-4537-B395-3067784444AD}.Debug|Any CPU.ActiveCfg = Debug|Any CPU
		{D1A35DCF-4B0D-4537-B395-3067784444AD}.Debug|Any CPU.Build.0 = Debug|Any CPU
		{D1A35DCF-4B0D-4537-B395-3067784444AD}.Release|Any CPU.ActiveCfg = Release|Any CPU
		{D1A35DCF-4B0D-4537-B395-3067784444AD}.Release|Any CPU.Build.0 = Release|Any CPU
		{6BCEE298-6D65-4EA6-B3E3-5C19F2509717}.Debug|Any CPU.ActiveCfg = Debug|Any CPU
		{6BCEE298-6D65-4EA6-B3E3-5C19F2509717}.Debug|Any CPU.Build.0 = Debug|Any CPU
		{6BCEE298-6D65-4EA6-B3E3-5C19F2509717}.Release|Any CPU.ActiveCfg = Release|Any CPU
		{6BCEE298-6D65-4EA6-B3E3-5C19F2509717}.Release|Any CPU.Build.0 = Release|Any CPU
		{30003579-55A1-41FD-9F76-EF8A99811B90}.Debug|Any CPU.ActiveCfg = Debug|Any CPU
		{30003579-55A1-41FD-9F76-EF8A99811B90}.Debug|Any CPU.Build.0 = Debug|Any CPU
		{30003579-55A1-41FD-9F76-EF8A99811B90}.Release|Any CPU.ActiveCfg = Release|Any CPU
		{30003579-55A1-41FD-9F76-EF8A99811B90}.Release|Any CPU.Build.0 = Release|Any CPU
		{F8D02280-4BAF-420E-ABA5-AABB5DB82970}.Debug|Any CPU.ActiveCfg = Debug|Any CPU
		{F8D02280-4BAF-420E-ABA5-AABB5DB82970}.Debug|Any CPU.Build.0 = Debug|Any CPU
		{F8D02280-4BAF-420E-ABA5-AABB5DB82970}.Release|Any CPU.ActiveCfg = Release|Any CPU
		{F8D02280-4BAF-420E-ABA5-AABB5DB82970}.Release|Any CPU.Build.0 = Release|Any CPU
		{EEA23EDD-1918-475C-81ED-9F587D75C805}.Debug|Any CPU.ActiveCfg = Debug|Any CPU
		{EEA23EDD-1918-475C-81ED-9F587D75C805}.Debug|Any CPU.Build.0 = Debug|Any CPU
		{EEA23EDD-1918-475C-81ED-9F587D75C805}.Release|Any CPU.ActiveCfg = Release|Any CPU
		{EEA23EDD-1918-475C-81ED-9F587D75C805}.Release|Any CPU.Build.0 = Release|Any CPU
	EndGlobalSection
	GlobalSection(SolutionProperties) = preSolution
		HideSolutionNode = FALSE
	EndGlobalSection
	GlobalSection(NestedProjects) = preSolution
		{CB090C0F-03B7-4629-9D8C-DC2A43B3F79C} = {AEB6D494-4CD5-4E98-995A-9BFE64B632C0}
		{16478CD7-5AB2-4FF9-A11C-F4F7D39EBAAA} = {AEB6D494-4CD5-4E98-995A-9BFE64B632C0}
		{F068E84F-2612-4144-9B4C-2C96523C43E0} = {AEB6D494-4CD5-4E98-995A-9BFE64B632C0}
		{53D4ECBB-707C-4373-A066-D285D8ABB58F} = {AEB6D494-4CD5-4E98-995A-9BFE64B632C0}
		{04D356C9-70E3-464E-9244-4D925756537B} = {AEB6D494-4CD5-4E98-995A-9BFE64B632C0}
		{0023E1AA-853A-44D1-9B61-E51A6207AA0A} = {AEB6D494-4CD5-4E98-995A-9BFE64B632C0}
		{6256C96F-CB6A-4FAA-AF25-A321DA177606} = {AEB6D494-4CD5-4E98-995A-9BFE64B632C0}
		{AC642B0B-5D41-4C30-BA42-FED528E1DB46} = {AEB6D494-4CD5-4E98-995A-9BFE64B632C0}
		{E7CAAB0F-4AEB-4213-89D6-3916B971D59B} = {AEB6D494-4CD5-4E98-995A-9BFE64B632C0}
		{C117A43F-C108-4545-BD7B-474A77EB89F2} = {AEB6D494-4CD5-4E98-995A-9BFE64B632C0}
		{F43F5609-5C7E-4ACA-A0E4-99B8CFEE020B} = {AEB6D494-4CD5-4E98-995A-9BFE64B632C0}
		{8EBA9606-9939-4E0D-9C09-88ADC1D3AF03} = {AEB6D494-4CD5-4E98-995A-9BFE64B632C0}
		{34971599-A552-4649-B1B6-5997B9CA5A6A} = {83D08B27-7B17-44BE-A153-229CDEE7014E}
		{B3EFF8FB-CF87-46B5-8A0D-6D6E793C0CA8} = {83D08B27-7B17-44BE-A153-229CDEE7014E}
		{3044A584-C966-49B5-B7C3-FF1B60C13E03} = {83D08B27-7B17-44BE-A153-229CDEE7014E}
		{D1A35DCF-4B0D-4537-B395-3067784444AD} = {83D08B27-7B17-44BE-A153-229CDEE7014E}
		{6BCEE298-6D65-4EA6-B3E3-5C19F2509717} = {83D08B27-7B17-44BE-A153-229CDEE7014E}
		{30003579-55A1-41FD-9F76-EF8A99811B90} = {83D08B27-7B17-44BE-A153-229CDEE7014E}
		{F8D02280-4BAF-420E-ABA5-AABB5DB82970} = {83D08B27-7B17-44BE-A153-229CDEE7014E}
		{EEA23EDD-1918-475C-81ED-9F587D75C805} = {83D08B27-7B17-44BE-A153-229CDEE7014E}
	EndGlobalSection
	GlobalSection(ExtensibilityGlobals) = postSolution
		SolutionGuid = {ECC42B67-0468-480F-AED4-ABBEDE5644AB}
	EndGlobalSection
EndGlobal
