
Microsoft Visual Studio Solution File, Format Version 12.00
# Visual Studio Version 17
VisualStudioVersion = 17.8.34511.84
MinimumVisualStudioVersion = 10.0.40219.1
Project("{2150E333-8FDC-42A3-9474-1A3956D46DE8}") = "Lesson_Structures", "Lesson_Structures", "{AEB6D494-4CD5-4E98-995A-9BFE64B632C0}"
EndProject
Project("{9A19103F-16F7-4668-BE54-9A1E7A4F7556}") = "001_Structures", "Lesson_Structures\001_Structures\001_Structures.csproj", "{CB090C0F-03B7-4629-9D8C-DC2A43B3F79C}"
EndProject
Project("{9A19103F-16F7-4668-BE54-9A1E7A4F7556}") = "002_Structures", "Lesson_Structures\002_Structures\002_Structures.csproj", "{16478CD7-5AB2-4FF9-A11C-F4F7D39EBAAA}"
EndProject
Project("{9A19103F-16F7-4668-BE54-9A1E7A4F7556}") = "003_Structures", "Lesson_Structures\003_Structures\003_Structures.csproj", "{F068E84F-2612-4144-9B4C-2C96523C43E0}"
EndProject
Project("{9A19103F-16F7-4668-BE54-9A1E7A4F7556}") = "004_Structures", "Lesson_Structures\004_Structures\004_Structures.csproj", "{53D4ECBB-707C-4373-A066-D285D8ABB58F}"
EndProject
Project("{9A19103F-16F7-4668-BE54-9A1E7A4F7556}") = "005_Structures", "Lesson_Structures\005_Structures\005_Structures.csproj", "{04D356C9-70E3-464E-9244-4D925756537B}"
EndProject
Project("{9A19103F-16F7-4668-BE54-9A1E7A4F7556}") = "006_Structures", "Lesson_Structures\006_Structures\006_Structures.csproj", "{0023E1AA-853A-44D1-9B61-E51A6207AA0A}"
EndProject
Project("{9A19103F-16F7-4668-BE54-9A1E7A4F7556}") = "007_Structures_Boxing", "Lesson_Structures\007_Structures_Boxing\007_Structures_Boxing.csproj", "{6256C96F-CB6A-4FAA-AF25-A321DA177606}"
EndProject
Project("{9A19103F-16F7-4668-BE54-9A1E7A4F7556}") = "008_Structures_Boxing", "Lesson_Structures\008_Structures_Boxing\008_Structures_Boxing.csproj", "{AC642B0B-5D41-4C30-BA42-FED528E1DB46}"
EndProject
Project("{9A19103F-16F7-4668-BE54-9A1E7A4F7556}") = "009_Structures_Boxing", "Lesson_Structures\009_Structures_Boxing\009_Structures_Boxing.csproj", "{E7CAAB0F-4AEB-4213-89D6-3916B971D59B}"
EndProject
Project("{9A19103F-16F7-4668-BE54-9A1E7A4F7556}") = "010_Structures_Boxing", "Lesson_Structures\010_Structures_Boxing\010_Structures_Boxing.csproj", "{C117A43F-C108-4545-BD7B-474A77EB89F2}"
EndProject
Project("{9A19103F-16F7-4668-BE54-9A1E7A4F7556}") = "011_Structures_Boxing", "Lesson_Structures\011_Structures_Boxing\011_Structures_Boxing.csproj", "{F43F5609-5C7E-4ACA-A0E4-99B8CFEE020B}"
EndProject
Project("{9A19103F-16F7-4668-BE54-9A1E7A4F7556}") = "012_Structures_StackOverflow", "Lesson_Structures\012_Structures_StackOverflow\012_Structures_StackOverflow.csproj", "{8EBA9606-9939-4E0D-9C09-88ADC1D3AF03}"
EndProject
Project("{2150E333-8FDC-42A3-9474-1A3956D46DE8}") = "Lesson_Enum_Types", "Lesson_Enum_Types", "{83D08B27-7B17-44BE-A153-229CDEE7014E}"
EndProject
Project("{9A19103F-16F7-4668-BE54-9A1E7A4F7556}") = "001_Enums", "Lesson_Enum_Types\001_Enums\001_Enums.csproj", "{34971599-A552-4649-B1B6-5997B9CA5A6A}"
EndProject
Project("{9A19103F-16F7-4668-BE54-9A1E7A4F7556}") = "002_Enums", "Lesson_Enum_Types\002_Enums\002_Enums.csproj", "{B3EFF8FB-CF87-46B5-8A0D-6D6E793C0CA8}"
EndProject
Project("{9A19103F-16F7-4668-BE54-9A1E7A4F7556}") = "003_Enums", "Lesson_Enum_Types\003_Enums\003_Enums.csproj", "{3044A584-C966-49B5-B7C3-FF1B60C13E03}"
EndProject
Project("{9A19103F-16F7-4668-BE54-9A1E7A4F7556}") = "004_Enums", "Lesson_Enum_Types\004_Enums\004_Enums.csproj", "{D1A35DCF-4B0D-4537-B395-3067784444AD}"
EndProject
Project("{9A19103F-16F7-4668-BE54-9A1E7A4F7556}") = "005_Enums", "Lesson_Enum_Types\005_Enums\005_Enums.csproj", "{6BCEE298-6D65-4EA6-B3E3-5C19F2509717}"
EndProject
Project("{9A19103F-16F7-4668-BE54-9A1E7A4F7556}") = "006_Enums", "Lesson_Enum_Types\006_Enums\006_Enums.csproj", "{30003579-55A1-41FD-9F76-EF8A99811B90}"
EndProject
Project("{9A19103F-16F7-4668-BE54-9A1E7A4F7556}") = "007_Enums_Flags", "Lesson_Enum_Types\007_Enums_Flags\007_Enums_Flags.csproj", "{F8D02280-4BAF-420E-ABA5-AABB5DB82970}"
EndProject
Project("{9A19103F-16F7-4668-BE54-9A1E7A4F7556}") = "008_Enums_Flags", "Lesson_Enum_Types\008_Enums_Flags\008_Enums_Flags.csproj", "{EEA23EDD-1918-475C-81ED-9F587D75C805}"
EndProject
Project("{2150E333-8FDC-42A3-9474-1A3956D46DE8}") = "Lesson_Methods", "Lesson_Methods", "{6CFB9718-BDF6-4596-A759-FFB9EEF1AAB0}"
EndProject
Project("{9A19103F-16F7-4668-BE54-9A1E7A4F7556}") = "001_Methods", "Lesson_Methods\001_Methods\001_Methods.csproj", "{1C011EA3-85BB-4652-A4B9-D866D0FF5D25}"
EndProject
Project("{9A19103F-16F7-4668-BE54-9A1E7A4F7556}") = "002_Methods", "Lesson_Methods\002_Methods\002_Methods.csproj", "{205C31FB-134F-444A-A09B-D8A9EDB8AF09}"
EndProject
Project("{9A19103F-16F7-4668-BE54-9A1E7A4F7556}") = "003_Methods", "Lesson_Methods\003_Methods\003_Methods.csproj", "{7B26092E-2FE7-49FB-A0C5-4974642D757A}"
EndProject
Project("{9A19103F-16F7-4668-BE54-9A1E7A4F7556}") = "004_methods", "Lesson_Methods\004_methods\004_methods.csproj", "{60A017A3-306F-4968-97BC-F9F1E0B8386A}"
EndProject
Project("{9A19103F-16F7-4668-BE54-9A1E7A4F7556}") = "005_methods", "Lesson_Methods\005_methods\005_methods.csproj", "{E4C0571C-7B6E-4DD1-9833-B3DD20170F5D}"
EndProject
Project("{9A19103F-16F7-4668-BE54-9A1E7A4F7556}") = "006_Methods", "Lesson_Methods\006_Methods\006_Methods.csproj", "{E78F6BB9-7249-491D-841B-8223E121C000}"
EndProject
Project("{9A19103F-16F7-4668-BE54-9A1E7A4F7556}") = "007_Methods", "Lesson_Methods\007_Methods\007_Methods.csproj", "{C626E252-8778-4FE3-B9B5-E23968B769E6}"
EndProject
Project("{9A19103F-16F7-4668-BE54-9A1E7A4F7556}") = "008_Methods_Code_Organization", "Lesson_Methods\008_Methods_Code_Organization\008_Methods_Code_Organization.csproj", "{36C337BA-FF29-4D91-90F1-2A2C49CFCCD8}"
EndProject
Project("{9A19103F-16F7-4668-BE54-9A1E7A4F7556}") = "008_Methods_Code_Organization_Solved", "Lesson_Methods\008_Methods_Code_Organization_Solved\008_Methods_Code_Organization_Solved.csproj", "{76B7144B-9944-405F-B6D0-C0030C5C6AA1}"
EndProject
Project("{9A19103F-16F7-4668-BE54-9A1E7A4F7556}") = "008_Methods_Code_Organization_2", "Lesson_Methods\008_Methods_Code_Organization_2\008_Methods_Code_Organization_2.csproj", "{56FA4671-BF11-45B5-8852-E1F1FD84BA4D}"
EndProject
Project("{9A19103F-16F7-4668-BE54-9A1E7A4F7556}") = "008_Methods_Code_Organization_2_Solved", "Lesson_Methods\008_Methods_Code_Organization_2_Solved\008_Methods_Code_Organization_2_Solved.csproj", "{FD406468-EBBA-44B3-9A4D-F80CA8F88FCD}"
EndProject
Project("{2150E333-8FDC-42A3-9474-1A3956D46DE8}") = "Lesson_Value_Types_vs_Reference_Types", "Lesson_Value_Types_vs_Reference_Types", "{A3F2D7CF-380F-4B3A-95A1-840B1C51901F}"
EndProject
Project("{9A19103F-16F7-4668-BE54-9A1E7A4F7556}") = "001_ValueVsReference", "Lesson_Value_Types_vs_Reference_Types\001_ValueVsReference\001_ValueVsReference.csproj", "{83FE8014-F360-421E-B824-F4E4D7955D0E}"
EndProject
Project("{9A19103F-16F7-4668-BE54-9A1E7A4F7556}") = "002_ValueVsReference", "Lesson_Value_Types_vs_Reference_Types\002_ValueVsReference\002_ValueVsReference.csproj", "{62F315CD-B0F3-449D-813E-0D4F1CF01075}"
EndProject
Project("{9A19103F-16F7-4668-BE54-9A1E7A4F7556}") = "003_ValueVsReference", "Lesson_Value_Types_vs_Reference_Types\003_ValueVsReference\003_ValueVsReference.csproj", "{C7AF8356-0BD4-4629-BAF2-54AF3AEDB799}"
EndProject
Project("{9A19103F-16F7-4668-BE54-9A1E7A4F7556}") = "004_ValueVsReference", "Lesson_Value_Types_vs_Reference_Types\004_ValueVsReference\004_ValueVsReference.csproj", "{A026F8EA-02FE-4ECB-90AB-331D43FE1F6A}"
EndProject
Project("{9A19103F-16F7-4668-BE54-9A1E7A4F7556}") = "005_ValueVsReference", "Lesson_Value_Types_vs_Reference_Types\005_ValueVsReference\005_ValueVsReference.csproj", "{650AE6C0-21ED-4BF3-9CCF-97334DAF55B1}"
EndProject
Project("{9A19103F-16F7-4668-BE54-9A1E7A4F7556}") = "006_ValueVsReference", "Lesson_Value_Types_vs_Reference_Types\006_ValueVsReference\006_ValueVsReference.csproj", "{2AF075C5-1AB3-4661-BCBF-874AFBDCCF66}"
EndProject
Project("{9A19103F-16F7-4668-BE54-9A1E7A4F7556}") = "007_ValueVsReference", "Lesson_Value_Types_vs_Reference_Types\007_ValueVsReference\007_ValueVsReference.csproj", "{CD8916A7-BB24-4CCA-B475-5606A000DE1A}"
EndProject
Project("{9A19103F-16F7-4668-BE54-9A1E7A4F7556}") = "008_ValueVsReference", "Lesson_Value_Types_vs_Reference_Types\008_ValueVsReference\008_ValueVsReference.csproj", "{0D706731-3927-423A-8341-C1D4AAE3F9A7}"
EndProject
Project("{9A19103F-16F7-4668-BE54-9A1E7A4F7556}") = "009_ValueVsReference", "Lesson_Value_Types_vs_Reference_Types\009_ValueVsReference\009_ValueVsReference.csproj", "{D3EEEB88-3801-497B-AE1D-807CDB68339E}"
EndProject
Project("{9A19103F-16F7-4668-BE54-9A1E7A4F7556}") = "010_ValueVsReference", "Lesson_Value_Types_vs_Reference_Types\010_ValueVsReference\010_ValueVsReference.csproj", "{110ADCB3-B373-434E-BA34-A9B3D52A7929}"
EndProject
Project("{2150E333-8FDC-42A3-9474-1A3956D46DE8}") = "Lesson_Ref_Out_Parameters", "Lesson_Ref_Out_Parameters", "{07A177BD-AC57-4738-9614-6DDCF2308786}"
EndProject
Project("{9A19103F-16F7-4668-BE54-9A1E7A4F7556}") = "001_Ref_Parameters", "Lesson_Ref_Out_Parameters\001_Ref_Parameters\001_Ref_Parameters.csproj", "{17F9074A-8461-4F68-B97E-73630E7B0164}"
EndProject
Project("{9A19103F-16F7-4668-BE54-9A1E7A4F7556}") = "002_Ref_Parameters", "Lesson_Ref_Out_Parameters\002_Ref_Parameters\002_Ref_Parameters.csproj", "{85193C61-E2C8-4CDD-A7CD-21ADD11256C6}"
EndProject
Project("{9A19103F-16F7-4668-BE54-9A1E7A4F7556}") = "003_Ref_Parameters", "Lesson_Ref_Out_Parameters\003_Ref_Parameters\003_Ref_Parameters.csproj", "{A46C04F2-62FF-496F-AD6B-B16F094440BD}"
EndProject
Project("{9A19103F-16F7-4668-BE54-9A1E7A4F7556}") = "004_Ref_Parameters", "Lesson_Ref_Out_Parameters\004_Ref_Parameters\004_Ref_Parameters.csproj", "{65933EF9-7AAA-4137-9269-DA4F24FED3E5}"
EndProject
Project("{9A19103F-16F7-4668-BE54-9A1E7A4F7556}") = "009_Methods", "Lesson_Methods\009_Methods\009_Methods.csproj", "{7F8979BA-0C53-4F2B-A51C-CE3057B4DFF7}"
EndProject
Project("{9A19103F-16F7-4668-BE54-9A1E7A4F7556}") = "006_Out_Parameters", "Lesson_Ref_Out_Parameters\006_Out_Parameters\006_Out_Parameters.csproj", "{DCE5CB25-EAE7-4EB0-9569-95221DF7F7B2}"
EndProject
Project("{9A19103F-16F7-4668-BE54-9A1E7A4F7556}") = "005_Out_Parameters", "Lesson_Ref_Out_Parameters\005_Out_Parameters\005_Out_Parameters.csproj", "{0EF968A1-C5D3-4A09-9AB7-92691F16436C}"
EndProject
Project("{2150E333-8FDC-42A3-9474-1A3956D46DE8}") = "Lesson_Partial_Classes", "Lesson_Partial_Classes", "{5D75EA4B-C8B1-4F34-9F1B-604F649FD531}"
EndProject
Project("{FAE04EC0-301F-11D3-BF4B-00C04F79EFBC}") = "001_Partial_Classes", "Lesson_Partial_Classes\001_Partial_Classes\001_Partial_Classes.csproj", "{BC3E3639-223C-4A0F-8740-AFDAEC9D112A}"
EndProject
Project("{FAE04EC0-301F-11D3-BF4B-00C04F79EFBC}") = "002_Partial_Classes", "Lesson_Partial_Classes\002_Partial_Classes\002_Partial_Classes.csproj", "{9242706D-0E34-4913-ABD4-B3F87825DCF7}"
EndProject
Project("{FAE04EC0-301F-11D3-BF4B-00C04F79EFBC}") = "003_Partial_Classes", "Lesson_Partial_Classes\003_Partial_Classes\003_Partial_Classes.csproj", "{494DB238-1FDB-42AF-9150-3278AB145378}"
EndProject
Project("{FAE04EC0-301F-11D3-BF4B-00C04F79EFBC}") = "004_Partial_Classes", "Lesson_Partial_Classes\004_Partial_Classes\004_Partial_Classes.csproj", "{BBDF3FFF-6C8A-496C-926E-2A7D00BF6504}"
EndProject
Project("{FAE04EC0-301F-11D3-BF4B-00C04F79EFBC}") = "005_Partial_Classes", "Lesson_Partial_Classes\005_Partial_Classes\005_Partial_Classes.csproj", "{768196AB-E135-4575-835E-19FC398C172F}"
EndProject
Global
	GlobalSection(SolutionConfigurationPlatforms) = preSolution
		Debug|Any CPU = Debug|Any CPU
		Release|Any CPU = Release|Any CPU
	EndGlobalSection
	GlobalSection(ProjectConfigurationPlatforms) = postSolution
		{CB090C0F-03B7-4629-9D8C-DC2A43B3F79C}.Debug|Any CPU.ActiveCfg = Debug|Any CPU
		{CB090C0F-03B7-4629-9D8C-DC2A43B3F79C}.Debug|Any CPU.Build.0 = Debug|Any CPU
		{CB090C0F-03B7-4629-9D8C-DC2A43B3F79C}.Release|Any CPU.ActiveCfg = Release|Any CPU
		{CB090C0F-03B7-4629-9D8C-DC2A43B3F79C}.Release|Any CPU.Build.0 = Release|Any CPU
		{16478CD7-5AB2-4FF9-A11C-F4F7D39EBAAA}.Debug|Any CPU.ActiveCfg = Debug|Any CPU
		{16478CD7-5AB2-4FF9-A11C-F4F7D39EBAAA}.Debug|Any CPU.Build.0 = Debug|Any CPU
		{16478CD7-5AB2-4FF9-A11C-F4F7D39EBAAA}.Release|Any CPU.ActiveCfg = Release|Any CPU
		{16478CD7-5AB2-4FF9-A11C-F4F7D39EBAAA}.Release|Any CPU.Build.0 = Release|Any CPU
		{F068E84F-2612-4144-9B4C-2C96523C43E0}.Debug|Any CPU.ActiveCfg = Debug|Any CPU
		{F068E84F-2612-4144-9B4C-2C96523C43E0}.Debug|Any CPU.Build.0 = Debug|Any CPU
		{F068E84F-2612-4144-9B4C-2C96523C43E0}.Release|Any CPU.ActiveCfg = Release|Any CPU
		{F068E84F-2612-4144-9B4C-2C96523C43E0}.Release|Any CPU.Build.0 = Release|Any CPU
		{53D4ECBB-707C-4373-A066-D285D8ABB58F}.Debug|Any CPU.ActiveCfg = Debug|Any CPU
		{53D4ECBB-707C-4373-A066-D285D8ABB58F}.Debug|Any CPU.Build.0 = Debug|Any CPU
		{53D4ECBB-707C-4373-A066-D285D8ABB58F}.Release|Any CPU.ActiveCfg = Release|Any CPU
		{53D4ECBB-707C-4373-A066-D285D8ABB58F}.Release|Any CPU.Build.0 = Release|Any CPU
		{04D356C9-70E3-464E-9244-4D925756537B}.Debug|Any CPU.ActiveCfg = Debug|Any CPU
		{04D356C9-70E3-464E-9244-4D925756537B}.Debug|Any CPU.Build.0 = Debug|Any CPU
		{04D356C9-70E3-464E-9244-4D925756537B}.Release|Any CPU.ActiveCfg = Release|Any CPU
		{04D356C9-70E3-464E-9244-4D925756537B}.Release|Any CPU.Build.0 = Release|Any CPU
		{0023E1AA-853A-44D1-9B61-E51A6207AA0A}.Debug|Any CPU.ActiveCfg = Debug|Any CPU
		{0023E1AA-853A-44D1-9B61-E51A6207AA0A}.Debug|Any CPU.Build.0 = Debug|Any CPU
		{0023E1AA-853A-44D1-9B61-E51A6207AA0A}.Release|Any CPU.ActiveCfg = Release|Any CPU
		{0023E1AA-853A-44D1-9B61-E51A6207AA0A}.Release|Any CPU.Build.0 = Release|Any CPU
		{6256C96F-CB6A-4FAA-AF25-A321DA177606}.Debug|Any CPU.ActiveCfg = Debug|Any CPU
		{6256C96F-CB6A-4FAA-AF25-A321DA177606}.Debug|Any CPU.Build.0 = Debug|Any CPU
		{6256C96F-CB6A-4FAA-AF25-A321DA177606}.Release|Any CPU.ActiveCfg = Release|Any CPU
		{6256C96F-CB6A-4FAA-AF25-A321DA177606}.Release|Any CPU.Build.0 = Release|Any CPU
		{AC642B0B-5D41-4C30-BA42-FED528E1DB46}.Debug|Any CPU.ActiveCfg = Debug|Any CPU
		{AC642B0B-5D41-4C30-BA42-FED528E1DB46}.Debug|Any CPU.Build.0 = Debug|Any CPU
		{AC642B0B-5D41-4C30-BA42-FED528E1DB46}.Release|Any CPU.ActiveCfg = Release|Any CPU
		{AC642B0B-5D41-4C30-BA42-FED528E1DB46}.Release|Any CPU.Build.0 = Release|Any CPU
		{E7CAAB0F-4AEB-4213-89D6-3916B971D59B}.Debug|Any CPU.ActiveCfg = Debug|Any CPU
		{E7CAAB0F-4AEB-4213-89D6-3916B971D59B}.Debug|Any CPU.Build.0 = Debug|Any CPU
		{E7CAAB0F-4AEB-4213-89D6-3916B971D59B}.Release|Any CPU.ActiveCfg = Release|Any CPU
		{E7CAAB0F-4AEB-4213-89D6-3916B971D59B}.Release|Any CPU.Build.0 = Release|Any CPU
		{C117A43F-C108-4545-BD7B-474A77EB89F2}.Debug|Any CPU.ActiveCfg = Debug|Any CPU
		{C117A43F-C108-4545-BD7B-474A77EB89F2}.Debug|Any CPU.Build.0 = Debug|Any CPU
		{C117A43F-C108-4545-BD7B-474A77EB89F2}.Release|Any CPU.ActiveCfg = Release|Any CPU
		{C117A43F-C108-4545-BD7B-474A77EB89F2}.Release|Any CPU.Build.0 = Release|Any CPU
		{F43F5609-5C7E-4ACA-A0E4-99B8CFEE020B}.Debug|Any CPU.ActiveCfg = Debug|Any CPU
		{F43F5609-5C7E-4ACA-A0E4-99B8CFEE020B}.Debug|Any CPU.Build.0 = Debug|Any CPU
		{F43F5609-5C7E-4ACA-A0E4-99B8CFEE020B}.Release|Any CPU.ActiveCfg = Release|Any CPU
		{F43F5609-5C7E-4ACA-A0E4-99B8CFEE020B}.Release|Any CPU.Build.0 = Release|Any CPU
		{8EBA9606-9939-4E0D-9C09-88ADC1D3AF03}.Debug|Any CPU.ActiveCfg = Debug|Any CPU
		{8EBA9606-9939-4E0D-9C09-88ADC1D3AF03}.Debug|Any CPU.Build.0 = Debug|Any CPU
		{8EBA9606-9939-4E0D-9C09-88ADC1D3AF03}.Release|Any CPU.ActiveCfg = Release|Any CPU
		{8EBA9606-9939-4E0D-9C09-88ADC1D3AF03}.Release|Any CPU.Build.0 = Release|Any CPU
		{34971599-A552-4649-B1B6-5997B9CA5A6A}.Debug|Any CPU.ActiveCfg = Debug|Any CPU
		{34971599-A552-4649-B1B6-5997B9CA5A6A}.Debug|Any CPU.Build.0 = Debug|Any CPU
		{34971599-A552-4649-B1B6-5997B9CA5A6A}.Release|Any CPU.ActiveCfg = Release|Any CPU
		{34971599-A552-4649-B1B6-5997B9CA5A6A}.Release|Any CPU.Build.0 = Release|Any CPU
		{B3EFF8FB-CF87-46B5-8A0D-6D6E793C0CA8}.Debug|Any CPU.ActiveCfg = Debug|Any CPU
		{B3EFF8FB-CF87-46B5-8A0D-6D6E793C0CA8}.Debug|Any CPU.Build.0 = Debug|Any CPU
		{B3EFF8FB-CF87-46B5-8A0D-6D6E793C0CA8}.Release|Any CPU.ActiveCfg = Release|Any CPU
		{B3EFF8FB-CF87-46B5-8A0D-6D6E793C0CA8}.Release|Any CPU.Build.0 = Release|Any CPU
		{3044A584-C966-49B5-B7C3-FF1B60C13E03}.Debug|Any CPU.ActiveCfg = Debug|Any CPU
		{3044A584-C966-49B5-B7C3-FF1B60C13E03}.Debug|Any CPU.Build.0 = Debug|Any CPU
		{3044A584-C966-49B5-B7C3-FF1B60C13E03}.Release|Any CPU.ActiveCfg = Release|Any CPU
		{3044A584-C966-49B5-B7C3-FF1B60C13E03}.Release|Any CPU.Build.0 = Release|Any CPU
		{D1A35DCF-4B0D-4537-B395-3067784444AD}.Debug|Any CPU.ActiveCfg = Debug|Any CPU
		{D1A35DCF-4B0D-4537-B395-3067784444AD}.Debug|Any CPU.Build.0 = Debug|Any CPU
		{D1A35DCF-4B0D-4537-B395-3067784444AD}.Release|Any CPU.ActiveCfg = Release|Any CPU
		{D1A35DCF-4B0D-4537-B395-3067784444AD}.Release|Any CPU.Build.0 = Release|Any CPU
		{6BCEE298-6D65-4EA6-B3E3-5C19F2509717}.Debug|Any CPU.ActiveCfg = Debug|Any CPU
		{6BCEE298-6D65-4EA6-B3E3-5C19F2509717}.Debug|Any CPU.Build.0 = Debug|Any CPU
		{6BCEE298-6D65-4EA6-B3E3-5C19F2509717}.Release|Any CPU.ActiveCfg = Release|Any CPU
		{6BCEE298-6D65-4EA6-B3E3-5C19F2509717}.Release|Any CPU.Build.0 = Release|Any CPU
		{30003579-55A1-41FD-9F76-EF8A99811B90}.Debug|Any CPU.ActiveCfg = Debug|Any CPU
		{30003579-55A1-41FD-9F76-EF8A99811B90}.Debug|Any CPU.Build.0 = Debug|Any CPU
		{30003579-55A1-41FD-9F76-EF8A99811B90}.Release|Any CPU.ActiveCfg = Release|Any CPU
		{30003579-55A1-41FD-9F76-EF8A99811B90}.Release|Any CPU.Build.0 = Release|Any CPU
		{F8D02280-4BAF-420E-ABA5-AABB5DB82970}.Debug|Any CPU.ActiveCfg = Debug|Any CPU
		{F8D02280-4BAF-420E-ABA5-AABB5DB82970}.Debug|Any CPU.Build.0 = Debug|Any CPU
		{F8D02280-4BAF-420E-ABA5-AABB5DB82970}.Release|Any CPU.ActiveCfg = Release|Any CPU
		{F8D02280-4BAF-420E-ABA5-AABB5DB82970}.Release|Any CPU.Build.0 = Release|Any CPU
		{EEA23EDD-1918-475C-81ED-9F587D75C805}.Debug|Any CPU.ActiveCfg = Debug|Any CPU
		{EEA23EDD-1918-475C-81ED-9F587D75C805}.Debug|Any CPU.Build.0 = Debug|Any CPU
		{EEA23EDD-1918-475C-81ED-9F587D75C805}.Release|Any CPU.ActiveCfg = Release|Any CPU
		{EEA23EDD-1918-475C-81ED-9F587D75C805}.Release|Any CPU.Build.0 = Release|Any CPU
		{1C011EA3-85BB-4652-A4B9-D866D0FF5D25}.Debug|Any CPU.ActiveCfg = Debug|Any CPU
		{1C011EA3-85BB-4652-A4B9-D866D0FF5D25}.Debug|Any CPU.Build.0 = Debug|Any CPU
		{1C011EA3-85BB-4652-A4B9-D866D0FF5D25}.Release|Any CPU.ActiveCfg = Release|Any CPU
		{1C011EA3-85BB-4652-A4B9-D866D0FF5D25}.Release|Any CPU.Build.0 = Release|Any CPU
		{205C31FB-134F-444A-A09B-D8A9EDB8AF09}.Debug|Any CPU.ActiveCfg = Debug|Any CPU
		{205C31FB-134F-444A-A09B-D8A9EDB8AF09}.Debug|Any CPU.Build.0 = Debug|Any CPU
		{205C31FB-134F-444A-A09B-D8A9EDB8AF09}.Release|Any CPU.ActiveCfg = Release|Any CPU
		{205C31FB-134F-444A-A09B-D8A9EDB8AF09}.Release|Any CPU.Build.0 = Release|Any CPU
		{7B26092E-2FE7-49FB-A0C5-4974642D757A}.Debug|Any CPU.ActiveCfg = Debug|Any CPU
		{7B26092E-2FE7-49FB-A0C5-4974642D757A}.Debug|Any CPU.Build.0 = Debug|Any CPU
		{7B26092E-2FE7-49FB-A0C5-4974642D757A}.Release|Any CPU.ActiveCfg = Release|Any CPU
		{7B26092E-2FE7-49FB-A0C5-4974642D757A}.Release|Any CPU.Build.0 = Release|Any CPU
		{60A017A3-306F-4968-97BC-F9F1E0B8386A}.Debug|Any CPU.ActiveCfg = Debug|Any CPU
		{60A017A3-306F-4968-97BC-F9F1E0B8386A}.Debug|Any CPU.Build.0 = Debug|Any CPU
		{60A017A3-306F-4968-97BC-F9F1E0B8386A}.Release|Any CPU.ActiveCfg = Release|Any CPU
		{60A017A3-306F-4968-97BC-F9F1E0B8386A}.Release|Any CPU.Build.0 = Release|Any CPU
		{E4C0571C-7B6E-4DD1-9833-B3DD20170F5D}.Debug|Any CPU.ActiveCfg = Debug|Any CPU
		{E4C0571C-7B6E-4DD1-9833-B3DD20170F5D}.Debug|Any CPU.Build.0 = Debug|Any CPU
		{E4C0571C-7B6E-4DD1-9833-B3DD20170F5D}.Release|Any CPU.ActiveCfg = Release|Any CPU
		{E4C0571C-7B6E-4DD1-9833-B3DD20170F5D}.Release|Any CPU.Build.0 = Release|Any CPU
		{E78F6BB9-7249-491D-841B-8223E121C000}.Debug|Any CPU.ActiveCfg = Debug|Any CPU
		{E78F6BB9-7249-491D-841B-8223E121C000}.Debug|Any CPU.Build.0 = Debug|Any CPU
		{E78F6BB9-7249-491D-841B-8223E121C000}.Release|Any CPU.ActiveCfg = Release|Any CPU
		{E78F6BB9-7249-491D-841B-8223E121C000}.Release|Any CPU.Build.0 = Release|Any CPU
		{C626E252-8778-4FE3-B9B5-E23968B769E6}.Debug|Any CPU.ActiveCfg = Debug|Any CPU
		{C626E252-8778-4FE3-B9B5-E23968B769E6}.Debug|Any CPU.Build.0 = Debug|Any CPU
		{C626E252-8778-4FE3-B9B5-E23968B769E6}.Release|Any CPU.ActiveCfg = Release|Any CPU
		{C626E252-8778-4FE3-B9B5-E23968B769E6}.Release|Any CPU.Build.0 = Release|Any CPU
		{36C337BA-FF29-4D91-90F1-2A2C49CFCCD8}.Debug|Any CPU.ActiveCfg = Debug|Any CPU
		{36C337BA-FF29-4D91-90F1-2A2C49CFCCD8}.Debug|Any CPU.Build.0 = Debug|Any CPU
		{36C337BA-FF29-4D91-90F1-2A2C49CFCCD8}.Release|Any CPU.ActiveCfg = Release|Any CPU
		{36C337BA-FF29-4D91-90F1-2A2C49CFCCD8}.Release|Any CPU.Build.0 = Release|Any CPU
		{76B7144B-9944-405F-B6D0-C0030C5C6AA1}.Debug|Any CPU.ActiveCfg = Debug|Any CPU
		{76B7144B-9944-405F-B6D0-C0030C5C6AA1}.Debug|Any CPU.Build.0 = Debug|Any CPU
		{76B7144B-9944-405F-B6D0-C0030C5C6AA1}.Release|Any CPU.ActiveCfg = Release|Any CPU
		{76B7144B-9944-405F-B6D0-C0030C5C6AA1}.Release|Any CPU.Build.0 = Release|Any CPU
		{56FA4671-BF11-45B5-8852-E1F1FD84BA4D}.Debug|Any CPU.ActiveCfg = Debug|Any CPU
		{56FA4671-BF11-45B5-8852-E1F1FD84BA4D}.Debug|Any CPU.Build.0 = Debug|Any CPU
		{56FA4671-BF11-45B5-8852-E1F1FD84BA4D}.Release|Any CPU.ActiveCfg = Release|Any CPU
		{56FA4671-BF11-45B5-8852-E1F1FD84BA4D}.Release|Any CPU.Build.0 = Release|Any CPU
		{FD406468-EBBA-44B3-9A4D-F80CA8F88FCD}.Debug|Any CPU.ActiveCfg = Debug|Any CPU
		{FD406468-EBBA-44B3-9A4D-F80CA8F88FCD}.Debug|Any CPU.Build.0 = Debug|Any CPU
		{FD406468-EBBA-44B3-9A4D-F80CA8F88FCD}.Release|Any CPU.ActiveCfg = Release|Any CPU
		{FD406468-EBBA-44B3-9A4D-F80CA8F88FCD}.Release|Any CPU.Build.0 = Release|Any CPU
		{83FE8014-F360-421E-B824-F4E4D7955D0E}.Debug|Any CPU.ActiveCfg = Debug|Any CPU
		{83FE8014-F360-421E-B824-F4E4D7955D0E}.Debug|Any CPU.Build.0 = Debug|Any CPU
		{83FE8014-F360-421E-B824-F4E4D7955D0E}.Release|Any CPU.ActiveCfg = Release|Any CPU
		{83FE8014-F360-421E-B824-F4E4D7955D0E}.Release|Any CPU.Build.0 = Release|Any CPU
		{62F315CD-B0F3-449D-813E-0D4F1CF01075}.Debug|Any CPU.ActiveCfg = Debug|Any CPU
		{62F315CD-B0F3-449D-813E-0D4F1CF01075}.Debug|Any CPU.Build.0 = Debug|Any CPU
		{62F315CD-B0F3-449D-813E-0D4F1CF01075}.Release|Any CPU.ActiveCfg = Release|Any CPU
		{62F315CD-B0F3-449D-813E-0D4F1CF01075}.Release|Any CPU.Build.0 = Release|Any CPU
		{C7AF8356-0BD4-4629-BAF2-54AF3AEDB799}.Debug|Any CPU.ActiveCfg = Debug|Any CPU
		{C7AF8356-0BD4-4629-BAF2-54AF3AEDB799}.Debug|Any CPU.Build.0 = Debug|Any CPU
		{C7AF8356-0BD4-4629-BAF2-54AF3AEDB799}.Release|Any CPU.ActiveCfg = Release|Any CPU
		{C7AF8356-0BD4-4629-BAF2-54AF3AEDB799}.Release|Any CPU.Build.0 = Release|Any CPU
		{A026F8EA-02FE-4ECB-90AB-331D43FE1F6A}.Debug|Any CPU.ActiveCfg = Debug|Any CPU
		{A026F8EA-02FE-4ECB-90AB-331D43FE1F6A}.Debug|Any CPU.Build.0 = Debug|Any CPU
		{A026F8EA-02FE-4ECB-90AB-331D43FE1F6A}.Release|Any CPU.ActiveCfg = Release|Any CPU
		{A026F8EA-02FE-4ECB-90AB-331D43FE1F6A}.Release|Any CPU.Build.0 = Release|Any CPU
		{650AE6C0-21ED-4BF3-9CCF-97334DAF55B1}.Debug|Any CPU.ActiveCfg = Debug|Any CPU
		{650AE6C0-21ED-4BF3-9CCF-97334DAF55B1}.Debug|Any CPU.Build.0 = Debug|Any CPU
		{650AE6C0-21ED-4BF3-9CCF-97334DAF55B1}.Release|Any CPU.ActiveCfg = Release|Any CPU
		{650AE6C0-21ED-4BF3-9CCF-97334DAF55B1}.Release|Any CPU.Build.0 = Release|Any CPU
		{2AF075C5-1AB3-4661-BCBF-874AFBDCCF66}.Debug|Any CPU.ActiveCfg = Debug|Any CPU
		{2AF075C5-1AB3-4661-BCBF-874AFBDCCF66}.Debug|Any CPU.Build.0 = Debug|Any CPU
		{2AF075C5-1AB3-4661-BCBF-874AFBDCCF66}.Release|Any CPU.ActiveCfg = Release|Any CPU
		{2AF075C5-1AB3-4661-BCBF-874AFBDCCF66}.Release|Any CPU.Build.0 = Release|Any CPU
		{CD8916A7-BB24-4CCA-B475-5606A000DE1A}.Debug|Any CPU.ActiveCfg = Debug|Any CPU
		{CD8916A7-BB24-4CCA-B475-5606A000DE1A}.Debug|Any CPU.Build.0 = Debug|Any CPU
		{CD8916A7-BB24-4CCA-B475-5606A000DE1A}.Release|Any CPU.ActiveCfg = Release|Any CPU
		{CD8916A7-BB24-4CCA-B475-5606A000DE1A}.Release|Any CPU.Build.0 = Release|Any CPU
		{0D706731-3927-423A-8341-C1D4AAE3F9A7}.Debug|Any CPU.ActiveCfg = Debug|Any CPU
		{0D706731-3927-423A-8341-C1D4AAE3F9A7}.Debug|Any CPU.Build.0 = Debug|Any CPU
		{0D706731-3927-423A-8341-C1D4AAE3F9A7}.Release|Any CPU.ActiveCfg = Release|Any CPU
		{0D706731-3927-423A-8341-C1D4AAE3F9A7}.Release|Any CPU.Build.0 = Release|Any CPU
		{D3EEEB88-3801-497B-AE1D-807CDB68339E}.Debug|Any CPU.ActiveCfg = Debug|Any CPU
		{D3EEEB88-3801-497B-AE1D-807CDB68339E}.Debug|Any CPU.Build.0 = Debug|Any CPU
		{D3EEEB88-3801-497B-AE1D-807CDB68339E}.Release|Any CPU.ActiveCfg = Release|Any CPU
		{D3EEEB88-3801-497B-AE1D-807CDB68339E}.Release|Any CPU.Build.0 = Release|Any CPU
		{110ADCB3-B373-434E-BA34-A9B3D52A7929}.Debug|Any CPU.ActiveCfg = Debug|Any CPU
		{110ADCB3-B373-434E-BA34-A9B3D52A7929}.Debug|Any CPU.Build.0 = Debug|Any CPU
		{110ADCB3-B373-434E-BA34-A9B3D52A7929}.Release|Any CPU.ActiveCfg = Release|Any CPU
		{110ADCB3-B373-434E-BA34-A9B3D52A7929}.Release|Any CPU.Build.0 = Release|Any CPU
		{17F9074A-8461-4F68-B97E-73630E7B0164}.Debug|Any CPU.ActiveCfg = Debug|Any CPU
		{17F9074A-8461-4F68-B97E-73630E7B0164}.Debug|Any CPU.Build.0 = Debug|Any CPU
		{17F9074A-8461-4F68-B97E-73630E7B0164}.Release|Any CPU.ActiveCfg = Release|Any CPU
		{17F9074A-8461-4F68-B97E-73630E7B0164}.Release|Any CPU.Build.0 = Release|Any CPU
		{85193C61-E2C8-4CDD-A7CD-21ADD11256C6}.Debug|Any CPU.ActiveCfg = Debug|Any CPU
		{85193C61-E2C8-4CDD-A7CD-21ADD11256C6}.Debug|Any CPU.Build.0 = Debug|Any CPU
		{85193C61-E2C8-4CDD-A7CD-21ADD11256C6}.Release|Any CPU.ActiveCfg = Release|Any CPU
		{85193C61-E2C8-4CDD-A7CD-21ADD11256C6}.Release|Any CPU.Build.0 = Release|Any CPU
		{A46C04F2-62FF-496F-AD6B-B16F094440BD}.Debug|Any CPU.ActiveCfg = Debug|Any CPU
		{A46C04F2-62FF-496F-AD6B-B16F094440BD}.Debug|Any CPU.Build.0 = Debug|Any CPU
		{A46C04F2-62FF-496F-AD6B-B16F094440BD}.Release|Any CPU.ActiveCfg = Release|Any CPU
		{A46C04F2-62FF-496F-AD6B-B16F094440BD}.Release|Any CPU.Build.0 = Release|Any CPU
		{65933EF9-7AAA-4137-9269-DA4F24FED3E5}.Debug|Any CPU.ActiveCfg = Debug|Any CPU
		{65933EF9-7AAA-4137-9269-DA4F24FED3E5}.Debug|Any CPU.Build.0 = Debug|Any CPU
		{65933EF9-7AAA-4137-9269-DA4F24FED3E5}.Release|Any CPU.ActiveCfg = Release|Any CPU
		{65933EF9-7AAA-4137-9269-DA4F24FED3E5}.Release|Any CPU.Build.0 = Release|Any CPU
		{7F8979BA-0C53-4F2B-A51C-CE3057B4DFF7}.Debug|Any CPU.ActiveCfg = Debug|Any CPU
		{7F8979BA-0C53-4F2B-A51C-CE3057B4DFF7}.Debug|Any CPU.Build.0 = Debug|Any CPU
		{7F8979BA-0C53-4F2B-A51C-CE3057B4DFF7}.Release|Any CPU.ActiveCfg = Release|Any CPU
		{7F8979BA-0C53-4F2B-A51C-CE3057B4DFF7}.Release|Any CPU.Build.0 = Release|Any CPU
		{DCE5CB25-EAE7-4EB0-9569-95221DF7F7B2}.Debug|Any CPU.ActiveCfg = Debug|Any CPU
		{DCE5CB25-EAE7-4EB0-9569-95221DF7F7B2}.Debug|Any CPU.Build.0 = Debug|Any CPU
		{DCE5CB25-EAE7-4EB0-9569-95221DF7F7B2}.Release|Any CPU.ActiveCfg = Release|Any CPU
		{DCE5CB25-EAE7-4EB0-9569-95221DF7F7B2}.Release|Any CPU.Build.0 = Release|Any CPU
		{0EF968A1-C5D3-4A09-9AB7-92691F16436C}.Debug|Any CPU.ActiveCfg = Debug|Any CPU
		{0EF968A1-C5D3-4A09-9AB7-92691F16436C}.Debug|Any CPU.Build.0 = Debug|Any CPU
		{0EF968A1-C5D3-4A09-9AB7-92691F16436C}.Release|Any CPU.ActiveCfg = Release|Any CPU
		{0EF968A1-C5D3-4A09-9AB7-92691F16436C}.Release|Any CPU.Build.0 = Release|Any CPU
		{BC3E3639-223C-4A0F-8740-AFDAEC9D112A}.Debug|Any CPU.ActiveCfg = Debug|Any CPU
		{BC3E3639-223C-4A0F-8740-AFDAEC9D112A}.Debug|Any CPU.Build.0 = Debug|Any CPU
		{BC3E3639-223C-4A0F-8740-AFDAEC9D112A}.Release|Any CPU.ActiveCfg = Release|Any CPU
		{BC3E3639-223C-4A0F-8740-AFDAEC9D112A}.Release|Any CPU.Build.0 = Release|Any CPU
		{9242706D-0E34-4913-ABD4-B3F87825DCF7}.Debug|Any CPU.ActiveCfg = Debug|Any CPU
		{9242706D-0E34-4913-ABD4-B3F87825DCF7}.Debug|Any CPU.Build.0 = Debug|Any CPU
		{9242706D-0E34-4913-ABD4-B3F87825DCF7}.Release|Any CPU.ActiveCfg = Release|Any CPU
		{9242706D-0E34-4913-ABD4-B3F87825DCF7}.Release|Any CPU.Build.0 = Release|Any CPU
		{494DB238-1FDB-42AF-9150-3278AB145378}.Debug|Any CPU.ActiveCfg = Debug|Any CPU
		{494DB238-1FDB-42AF-9150-3278AB145378}.Debug|Any CPU.Build.0 = Debug|Any CPU
		{494DB238-1FDB-42AF-9150-3278AB145378}.Release|Any CPU.ActiveCfg = Release|Any CPU
		{494DB238-1FDB-42AF-9150-3278AB145378}.Release|Any CPU.Build.0 = Release|Any CPU
		{BBDF3FFF-6C8A-496C-926E-2A7D00BF6504}.Debug|Any CPU.ActiveCfg = Debug|Any CPU
		{BBDF3FFF-6C8A-496C-926E-2A7D00BF6504}.Debug|Any CPU.Build.0 = Debug|Any CPU
		{BBDF3FFF-6C8A-496C-926E-2A7D00BF6504}.Release|Any CPU.ActiveCfg = Release|Any CPU
		{BBDF3FFF-6C8A-496C-926E-2A7D00BF6504}.Release|Any CPU.Build.0 = Release|Any CPU
		{768196AB-E135-4575-835E-19FC398C172F}.Debug|Any CPU.ActiveCfg = Debug|Any CPU
		{768196AB-E135-4575-835E-19FC398C172F}.Debug|Any CPU.Build.0 = Debug|Any CPU
		{768196AB-E135-4575-835E-19FC398C172F}.Release|Any CPU.ActiveCfg = Release|Any CPU
		{768196AB-E135-4575-835E-19FC398C172F}.Release|Any CPU.Build.0 = Release|Any CPU
	EndGlobalSection
	GlobalSection(SolutionProperties) = preSolution
		HideSolutionNode = FALSE
	EndGlobalSection
	GlobalSection(NestedProjects) = preSolution
		{CB090C0F-03B7-4629-9D8C-DC2A43B3F79C} = {AEB6D494-4CD5-4E98-995A-9BFE64B632C0}
		{16478CD7-5AB2-4FF9-A11C-F4F7D39EBAAA} = {AEB6D494-4CD5-4E98-995A-9BFE64B632C0}
		{F068E84F-2612-4144-9B4C-2C96523C43E0} = {AEB6D494-4CD5-4E98-995A-9BFE64B632C0}
		{53D4ECBB-707C-4373-A066-D285D8ABB58F} = {AEB6D494-4CD5-4E98-995A-9BFE64B632C0}
		{04D356C9-70E3-464E-9244-4D925756537B} = {AEB6D494-4CD5-4E98-995A-9BFE64B632C0}
		{0023E1AA-853A-44D1-9B61-E51A6207AA0A} = {AEB6D494-4CD5-4E98-995A-9BFE64B632C0}
		{6256C96F-CB6A-4FAA-AF25-A321DA177606} = {AEB6D494-4CD5-4E98-995A-9BFE64B632C0}
		{AC642B0B-5D41-4C30-BA42-FED528E1DB46} = {AEB6D494-4CD5-4E98-995A-9BFE64B632C0}
		{E7CAAB0F-4AEB-4213-89D6-3916B971D59B} = {AEB6D494-4CD5-4E98-995A-9BFE64B632C0}
		{C117A43F-C108-4545-BD7B-474A77EB89F2} = {AEB6D494-4CD5-4E98-995A-9BFE64B632C0}
		{F43F5609-5C7E-4ACA-A0E4-99B8CFEE020B} = {AEB6D494-4CD5-4E98-995A-9BFE64B632C0}
		{8EBA9606-9939-4E0D-9C09-88ADC1D3AF03} = {AEB6D494-4CD5-4E98-995A-9BFE64B632C0}
		{34971599-A552-4649-B1B6-5997B9CA5A6A} = {83D08B27-7B17-44BE-A153-229CDEE7014E}
		{B3EFF8FB-CF87-46B5-8A0D-6D6E793C0CA8} = {83D08B27-7B17-44BE-A153-229CDEE7014E}
		{3044A584-C966-49B5-B7C3-FF1B60C13E03} = {83D08B27-7B17-44BE-A153-229CDEE7014E}
		{D1A35DCF-4B0D-4537-B395-3067784444AD} = {83D08B27-7B17-44BE-A153-229CDEE7014E}
		{6BCEE298-6D65-4EA6-B3E3-5C19F2509717} = {83D08B27-7B17-44BE-A153-229CDEE7014E}
		{30003579-55A1-41FD-9F76-EF8A99811B90} = {83D08B27-7B17-44BE-A153-229CDEE7014E}
		{F8D02280-4BAF-420E-ABA5-AABB5DB82970} = {83D08B27-7B17-44BE-A153-229CDEE7014E}
		{EEA23EDD-1918-475C-81ED-9F587D75C805} = {83D08B27-7B17-44BE-A153-229CDEE7014E}
		{1C011EA3-85BB-4652-A4B9-D866D0FF5D25} = {6CFB9718-BDF6-4596-A759-FFB9EEF1AAB0}
		{205C31FB-134F-444A-A09B-D8A9EDB8AF09} = {6CFB9718-BDF6-4596-A759-FFB9EEF1AAB0}
		{7B26092E-2FE7-49FB-A0C5-4974642D757A} = {6CFB9718-BDF6-4596-A759-FFB9EEF1AAB0}
		{60A017A3-306F-4968-97BC-F9F1E0B8386A} = {6CFB9718-BDF6-4596-A759-FFB9EEF1AAB0}
		{E4C0571C-7B6E-4DD1-9833-B3DD20170F5D} = {6CFB9718-BDF6-4596-A759-FFB9EEF1AAB0}
		{E78F6BB9-7249-491D-841B-8223E121C000} = {6CFB9718-BDF6-4596-A759-FFB9EEF1AAB0}
		{C626E252-8778-4FE3-B9B5-E23968B769E6} = {6CFB9718-BDF6-4596-A759-FFB9EEF1AAB0}
		{36C337BA-FF29-4D91-90F1-2A2C49CFCCD8} = {6CFB9718-BDF6-4596-A759-FFB9EEF1AAB0}
		{76B7144B-9944-405F-B6D0-C0030C5C6AA1} = {6CFB9718-BDF6-4596-A759-FFB9EEF1AAB0}
		{56FA4671-BF11-45B5-8852-E1F1FD84BA4D} = {6CFB9718-BDF6-4596-A759-FFB9EEF1AAB0}
		{FD406468-EBBA-44B3-9A4D-F80CA8F88FCD} = {6CFB9718-BDF6-4596-A759-FFB9EEF1AAB0}
		{83FE8014-F360-421E-B824-F4E4D7955D0E} = {A3F2D7CF-380F-4B3A-95A1-840B1C51901F}
		{62F315CD-B0F3-449D-813E-0D4F1CF01075} = {A3F2D7CF-380F-4B3A-95A1-840B1C51901F}
		{C7AF8356-0BD4-4629-BAF2-54AF3AEDB799} = {A3F2D7CF-380F-4B3A-95A1-840B1C51901F}
		{A026F8EA-02FE-4ECB-90AB-331D43FE1F6A} = {A3F2D7CF-380F-4B3A-95A1-840B1C51901F}
		{650AE6C0-21ED-4BF3-9CCF-97334DAF55B1} = {A3F2D7CF-380F-4B3A-95A1-840B1C51901F}
		{2AF075C5-1AB3-4661-BCBF-874AFBDCCF66} = {A3F2D7CF-380F-4B3A-95A1-840B1C51901F}
		{CD8916A7-BB24-4CCA-B475-5606A000DE1A} = {A3F2D7CF-380F-4B3A-95A1-840B1C51901F}
		{0D706731-3927-423A-8341-C1D4AAE3F9A7} = {A3F2D7CF-380F-4B3A-95A1-840B1C51901F}
		{D3EEEB88-3801-497B-AE1D-807CDB68339E} = {A3F2D7CF-380F-4B3A-95A1-840B1C51901F}
		{110ADCB3-B373-434E-BA34-A9B3D52A7929} = {A3F2D7CF-380F-4B3A-95A1-840B1C51901F}
		{17F9074A-8461-4F68-B97E-73630E7B0164} = {07A177BD-AC57-4738-9614-6DDCF2308786}
		{85193C61-E2C8-4CDD-A7CD-21ADD11256C6} = {07A177BD-AC57-4738-9614-6DDCF2308786}
		{A46C04F2-62FF-496F-AD6B-B16F094440BD} = {07A177BD-AC57-4738-9614-6DDCF2308786}
		{65933EF9-7AAA-4137-9269-DA4F24FED3E5} = {07A177BD-AC57-4738-9614-6DDCF2308786}
		{7F8979BA-0C53-4F2B-A51C-CE3057B4DFF7} = {6CFB9718-BDF6-4596-A759-FFB9EEF1AAB0}
		{DCE5CB25-EAE7-4EB0-9569-95221DF7F7B2} = {07A177BD-AC57-4738-9614-6DDCF2308786}
		{0EF968A1-C5D3-4A09-9AB7-92691F16436C} = {07A177BD-AC57-4738-9614-6DDCF2308786}
		{BC3E3639-223C-4A0F-8740-AFDAEC9D112A} = {5D75EA4B-C8B1-4F34-9F1B-604F649FD531}
		{9242706D-0E34-4913-ABD4-B3F87825DCF7} = {5D75EA4B-C8B1-4F34-9F1B-604F649FD531}
		{494DB238-1FDB-42AF-9150-3278AB145378} = {5D75EA4B-C8B1-4F34-9F1B-604F649FD531}
		{BBDF3FFF-6C8A-496C-926E-2A7D00BF6504} = {5D75EA4B-C8B1-4F34-9F1B-604F649FD531}
		{768196AB-E135-4575-835E-19FC398C172F} = {5D75EA4B-C8B1-4F34-9F1B-604F649FD531}
	EndGlobalSection
	GlobalSection(ExtensibilityGlobals) = postSolution
		SolutionGuid = {ECC42B67-0468-480F-AED4-ABBEDE5644AB}
	EndGlobalSection
EndGlobal
